
Microsoft Visual Studio Solution File, Format Version 11.00
# Visual Studio 2010
Project("{FAE04EC0-301F-11D3-BF4B-00C04F79EFBC}") = "SerdikaAG", "Assembly-CSharp.csproj", "{3C4F843F-BD14-E2FA-C8FE-E2EC5BE62E2C}"
EndProject
Project("{FAE04EC0-301F-11D3-BF4B-00C04F79EFBC}") = "SerdikaAG", "Assembly-CSharp-Editor.csproj", "{C07CD100-2E1B-633E-878F-0BCEAACF1DF7}"
EndProject
Global
	GlobalSection(SolutionConfigurationPlatforms) = preSolution
		Debug|Any CPU = Debug|Any CPU
		Release|Any CPU = Release|Any CPU
	EndGlobalSection
	GlobalSection(ProjectConfigurationPlatforms) = postSolution
		{3C4F843F-BD14-E2FA-C8FE-E2EC5BE62E2C}.Debug|Any CPU.ActiveCfg = Debug|Any CPU
		{3C4F843F-BD14-E2FA-C8FE-E2EC5BE62E2C}.Debug|Any CPU.Build.0 = Debug|Any CPU
		{3C4F843F-BD14-E2FA-C8FE-E2EC5BE62E2C}.Release|Any CPU.ActiveCfg = Release|Any CPU
		{3C4F843F-BD14-E2FA-C8FE-E2EC5BE62E2C}.Release|Any CPU.Build.0 = Release|Any CPU
		{C07CD100-2E1B-633E-878F-0BCEAACF1DF7}.Debug|Any CPU.ActiveCfg = Debug|Any CPU
		{C07CD100-2E1B-633E-878F-0BCEAACF1DF7}.Debug|Any CPU.Build.0 = Debug|Any CPU
		{C07CD100-2E1B-633E-878F-0BCEAACF1DF7}.Release|Any CPU.ActiveCfg = Release|Any CPU
		{C07CD100-2E1B-633E-878F-0BCEAACF1DF7}.Release|Any CPU.Build.0 = Release|Any CPU
	EndGlobalSection
	GlobalSection(SolutionProperties) = preSolution
		HideSolutionNode = FALSE
	EndGlobalSection
	GlobalSection(MonoDevelopProperties) = preSolution
		StartupItem = Assembly-CSharp.csproj
	EndGlobalSection
EndGlobal
